{"is_source_file": false, "format": "", "description": "", "external_files": [], "external_methods": [], "published": [], "classes": [], "methods": [], "calls": [], "search-terms": [], "state": 2, "file_id": 18, "knowledge_revision": 37, "git_revision": "1556f919989ca2d0fc9ce00523cee20f197fb2d3", "hash": "e9b4c3b42cef0193b7fddb548d37e652", "format-version": 4, "code-base-name": "default", "filename": "virtu_design/post_process_status.lock", "revision_history": [{"37": "1556f919989ca2d0fc9ce00523cee20f197fb2d3"}]}